
Microsoft Visual Studio Solution File, Format Version 12.00
# Visual Studio Version 17
VisualStudioVersion = 17.12.35527.113
MinimumVisualStudioVersion = 10.0.40219.1
Project("{2150E333-8FDC-42A3-9474-1A3956D46DE8}") = "Services", "Services", "{8E1F8E6F-DAB4-4551-9BDF-D27ACDFB13F4}"
EndProject
Project("{2150E333-8FDC-42A3-9474-1A3956D46DE8}") = "Catalog", "Catalog", "{6AC4382C-850B-4A83-9C00-132472E7A9A0}"
EndProject
Project("{2150E333-8FDC-42A3-9474-1A3956D46DE8}") = "Basket", "Basket", "{EF585613-6831-4AFC-9A66-CA5898A7DCFF}"
EndProject
Project("{2150E333-8FDC-42A3-9474-1A3956D46DE8}") = "Discount", "Discount", "{A6BC7CF3-68F6-4466-AA36-C6136458E073}"
EndProject
Project("{2150E333-8FDC-42A3-9474-1A3956D46DE8}") = "Ordering", "Ordering", "{657A689E-6456-48DC-B824-848C18DA00D6}"
EndProject
Project("{FAE04EC0-301F-11D3-BF4B-00C04F79EFBC}") = "Catalog.Infrastructure", "Catalog.Infrastructure\Catalog.Infrastructure.csproj", "{8691A999-D200-403D-A750-180FFDCC0BF4}"
EndProject
Project("{FAE04EC0-301F-11D3-BF4B-00C04F79EFBC}") = "Catalog.Application", "Catalog.Application\Catalog.Application.csproj", "{E5F2226B-01E7-4C74-B5D8-4E6C71E7791F}"
EndProject
Project("{FAE04EC0-301F-11D3-BF4B-00C04F79EFBC}") = "Catalog.Core", "Catalog.Core\Catalog.Core.csproj", "{B125910E-C5E4-4188-B99C-C8146BF4993C}"
EndProject
Project("{FAE04EC0-301F-11D3-BF4B-00C04F79EFBC}") = "Catalog.Api", "Catalog.Api\Catalog.Api.csproj", "{B35E0030-6C64-420A-A9BE-C032DE583192}"
EndProject
Global
	GlobalSection(SolutionConfigurationPlatforms) = preSolution
		Debug|Any CPU = Debug|Any CPU
		Release|Any CPU = Release|Any CPU
	EndGlobalSection
	GlobalSection(ProjectConfigurationPlatforms) = postSolution
		{8691A999-D200-403D-A750-180FFDCC0BF4}.Debug|Any CPU.ActiveCfg = Debug|Any CPU
		{8691A999-D200-403D-A750-180FFDCC0BF4}.Debug|Any CPU.Build.0 = Debug|Any CPU
		{8691A999-D200-403D-A750-180FFDCC0BF4}.Release|Any CPU.ActiveCfg = Release|Any CPU
		{8691A999-D200-403D-A750-180FFDCC0BF4}.Release|Any CPU.Build.0 = Release|Any CPU
		{E5F2226B-01E7-4C74-B5D8-4E6C71E7791F}.Debug|Any CPU.ActiveCfg = Debug|Any CPU
		{E5F2226B-01E7-4C74-B5D8-4E6C71E7791F}.Debug|Any CPU.Build.0 = Debug|Any CPU
		{E5F2226B-01E7-4C74-B5D8-4E6C71E7791F}.Release|Any CPU.ActiveCfg = Release|Any CPU
		{E5F2226B-01E7-4C74-B5D8-4E6C71E7791F}.Release|Any CPU.Build.0 = Release|Any CPU
		{B125910E-C5E4-4188-B99C-C8146BF4993C}.Debug|Any CPU.ActiveCfg = Debug|Any CPU
		{B125910E-C5E4-4188-B99C-C8146BF4993C}.Debug|Any CPU.Build.0 = Debug|Any CPU
		{B125910E-C5E4-4188-B99C-C8146BF4993C}.Release|Any CPU.ActiveCfg = Release|Any CPU
		{B125910E-C5E4-4188-B99C-C8146BF4993C}.Release|Any CPU.Build.0 = Release|Any CPU
		{B35E0030-6C64-420A-A9BE-C032DE583192}.Debug|Any CPU.ActiveCfg = Debug|Any CPU
		{B35E0030-6C64-420A-A9BE-C032DE583192}.Debug|Any CPU.Build.0 = Debug|Any CPU
		{B35E0030-6C64-420A-A9BE-C032DE583192}.Release|Any CPU.ActiveCfg = Release|Any CPU
		{B35E0030-6C64-420A-A9BE-C032DE583192}.Release|Any CPU.Build.0 = Release|Any CPU
	EndGlobalSection
	GlobalSection(SolutionProperties) = preSolution
		HideSolutionNode = FALSE
	EndGlobalSection
	GlobalSection(NestedProjects) = preSolution
		{6AC4382C-850B-4A83-9C00-132472E7A9A0} = {8E1F8E6F-DAB4-4551-9BDF-D27ACDFB13F4}
		{EF585613-6831-4AFC-9A66-CA5898A7DCFF} = {8E1F8E6F-DAB4-4551-9BDF-D27ACDFB13F4}
		{A6BC7CF3-68F6-4466-AA36-C6136458E073} = {8E1F8E6F-DAB4-4551-9BDF-D27ACDFB13F4}
		{657A689E-6456-48DC-B824-848C18DA00D6} = {8E1F8E6F-DAB4-4551-9BDF-D27ACDFB13F4}
		{8691A999-D200-403D-A750-180FFDCC0BF4} = {6AC4382C-850B-4A83-9C00-132472E7A9A0}
		{E5F2226B-01E7-4C74-B5D8-4E6C71E7791F} = {6AC4382C-850B-4A83-9C00-132472E7A9A0}
		{B125910E-C5E4-4188-B99C-C8146BF4993C} = {6AC4382C-850B-4A83-9C00-132472E7A9A0}
		{B35E0030-6C64-420A-A9BE-C032DE583192} = {6AC4382C-850B-4A83-9C00-132472E7A9A0}
	EndGlobalSection
EndGlobal
